// !$*UTF8*$!
{
	archiveVersion = 1;
	classes = {
	};
	objectVersion = 56;
	objects = {

/* Begin PBXBuildFile section */
		233EB5B62A8AA7C9006AD9A8 /* icons in Resources */ = {isa = PBXBuildFile; fileRef = 233EB5B52A8AA7C9006AD9A8 /* icons */; };
		233EB5B92A8AC1B4006AD9A8 /* SVGView in Frameworks */ = {isa = PBXBuildFile; productRef = 233EB5B82A8AC1B4006AD9A8 /* SVGView */; };
		233EB5BB2A8B9FAB006AD9A8 /* SVGView - fill.swift in Sources */ = {isa = PBXBuildFile; fileRef = 233EB5BA2A8B9FAB006AD9A8 /* SVGView - fill.swift */; };
		234C9ED22A92309600BEA671 /* Icon.swift in Sources */ = {isa = PBXBuildFile; fileRef = 234C9ED12A92309600BEA671 /* Icon.swift */; };
		234C9ED42A92341400BEA671 /* Color - Codable.swift in Sources */ = {isa = PBXBuildFile; fileRef = 234C9ED32A92341400BEA671 /* Color - Codable.swift */; };
		234C9ED62A92368100BEA671 /* IconView.swift in Sources */ = {isa = PBXBuildFile; fileRef = 234C9ED52A92368100BEA671 /* IconView.swift */; };
		238DECCC2A93D57200C16B09 /* simple-icons.json in Resources */ = {isa = PBXBuildFile; fileRef = 238DECCB2A93D57200C16B09 /* simple-icons.json */; };
		2399F15B2A8A7AF500F04FD0 /* TOTPApp.swift in Sources */ = {isa = PBXBuildFile; fileRef = 2399F15A2A8A7AF500F04FD0 /* TOTPApp.swift */; };
		2399F15D2A8A7AF500F04FD0 /* ContentView.swift in Sources */ = {isa = PBXBuildFile; fileRef = 2399F15C2A8A7AF500F04FD0 /* ContentView.swift */; };
		2399F15F2A8A7AF800F04FD0 /* Assets.xcassets in Resources */ = {isa = PBXBuildFile; fileRef = 2399F15E2A8A7AF800F04FD0 /* Assets.xcassets */; };
		2399F1622A8A7AF800F04FD0 /* Preview Assets.xcassets in Resources */ = {isa = PBXBuildFile; fileRef = 2399F1612A8A7AF800F04FD0 /* Preview Assets.xcassets */; };
		2399F1692A8A7B1600F04FD0 /* EditView.swift in Sources */ = {isa = PBXBuildFile; fileRef = 2399F1682A8A7B1600F04FD0 /* EditView.swift */; };
		2399F16B2A8A7B2200F04FD0 /* Color-Theme.swift in Sources */ = {isa = PBXBuildFile; fileRef = 2399F16A2A8A7B2200F04FD0 /* Color-Theme.swift */; };
		2399F16D2A8A7B2700F04FD0 /* AdvancedSettingsView.swift in Sources */ = {isa = PBXBuildFile; fileRef = 2399F16C2A8A7B2700F04FD0 /* AdvancedSettingsView.swift */; };
		2399F1702A8A7B3D00F04FD0 /* AddView.swift in Sources */ = {isa = PBXBuildFile; fileRef = 2399F16F2A8A7B3D00F04FD0 /* AddView.swift */; };
		2399F1722A8A7B5F00F04FD0 /* AcknowledgementsView.swift in Sources */ = {isa = PBXBuildFile; fileRef = 2399F1712A8A7B5F00F04FD0 /* AcknowledgementsView.swift */; };
		2399F1752A8A7B7700F04FD0 /* OTPDetailView.swift in Sources */ = {isa = PBXBuildFile; fileRef = 2399F1732A8A7B7700F04FD0 /* OTPDetailView.swift */; };
		2399F1782A8A7BA200F04FD0 /* OTPCodeView.swift in Sources */ = {isa = PBXBuildFile; fileRef = 2399F1772A8A7BA200F04FD0 /* OTPCodeView.swift */; };
		2399F17A2A8A7BAB00F04FD0 /* SettingsView.swift in Sources */ = {isa = PBXBuildFile; fileRef = 2399F1792A8A7BAA00F04FD0 /* SettingsView.swift */; };
		2399F17D2A8A7BC100F04FD0 /* OneTimePassword.swift in Sources */ = {isa = PBXBuildFile; fileRef = 2399F17C2A8A7BC100F04FD0 /* OneTimePassword.swift */; };
		2399F17F2A8A7BC600F04FD0 /* OneTimePassword+Hashable.swift in Sources */ = {isa = PBXBuildFile; fileRef = 2399F17E2A8A7BC600F04FD0 /* OneTimePassword+Hashable.swift */; };
		2399F1812A8A7BCA00F04FD0 /* OTPManager.swift in Sources */ = {isa = PBXBuildFile; fileRef = 2399F1802A8A7BCA00F04FD0 /* OTPManager.swift */; };
		2399F1842A8A7C0000F04FD0 /* CustomDialog.swift in Sources */ = {isa = PBXBuildFile; fileRef = 2399F1832A8A7C0000F04FD0 /* CustomDialog.swift */; };
		2399F1862A8A7C0400F04FD0 /* FileManager - documentsDirectory.swift in Sources */ = {isa = PBXBuildFile; fileRef = 2399F1852A8A7C0400F04FD0 /* FileManager - documentsDirectory.swift */; };
		2399F1882A8A7C0B00F04FD0 /* InfoAlert .swift in Sources */ = {isa = PBXBuildFile; fileRef = 2399F1872A8A7C0B00F04FD0 /* InfoAlert .swift */; };
		2399F18A2A8A7C1000F04FD0 /* loadDocument.swift in Sources */ = {isa = PBXBuildFile; fileRef = 2399F1892A8A7C1000F04FD0 /* loadDocument.swift */; };
		2399F18C2A8A7C1500F04FD0 /* ThinGauge.swift in Sources */ = {isa = PBXBuildFile; fileRef = 2399F18B2A8A7C1500F04FD0 /* ThinGauge.swift */; };
		2399F1902A8A7C6300F04FD0 /* Data+Utilities.swift in Sources */ = {isa = PBXBuildFile; fileRef = 2399F18F2A8A7C6300F04FD0 /* Data+Utilities.swift */; };
		2399F1922A8A7C6700F04FD0 /* Generator.swift in Sources */ = {isa = PBXBuildFile; fileRef = 2399F1912A8A7C6700F04FD0 /* Generator.swift */; };
		2399F1942A8A7C6A00F04FD0 /* HOTP.swift in Sources */ = {isa = PBXBuildFile; fileRef = 2399F1932A8A7C6A00F04FD0 /* HOTP.swift */; };
		2399F1962A8A7C6E00F04FD0 /* OTPAlgorithm.swift in Sources */ = {isa = PBXBuildFile; fileRef = 2399F1952A8A7C6E00F04FD0 /* OTPAlgorithm.swift */; };
		2399F1982A8A7C7200F04FD0 /* TOTP.swift in Sources */ = {isa = PBXBuildFile; fileRef = 2399F1972A8A7C7200F04FD0 /* TOTP.swift */; };
		2399F19A2A8A7C7700F04FD0 /* UInt64+Data.swift in Sources */ = {isa = PBXBuildFile; fileRef = 2399F1992A8A7C7700F04FD0 /* UInt64+Data.swift */; };
		2399F19D2A8A7C8900F04FD0 /* Base32.swift in Sources */ = {isa = PBXBuildFile; fileRef = 2399F19C2A8A7C8900F04FD0 /* Base32.swift */; };
		2399F19F2A8A7C8C00F04FD0 /* StringExtension.swift in Sources */ = {isa = PBXBuildFile; fileRef = 2399F19E2A8A7C8C00F04FD0 /* StringExtension.swift */; };
		2399F1A22A8A7CAA00F04FD0 /* CodeScanner in Frameworks */ = {isa = PBXBuildFile; productRef = 2399F1A12A8A7CAA00F04FD0 /* CodeScanner */; };
		2399F1A52A8A7CD800F04FD0 /* FaviconFinder in Frameworks */ = {isa = PBXBuildFile; productRef = 2399F1A42A8A7CD800F04FD0 /* FaviconFinder */; };
		2399F1AC2A8A7E6C00F04FD0 /* IconSelectView.swift in Sources */ = {isa = PBXBuildFile; fileRef = 2399F1AB2A8A7E6C00F04FD0 /* IconSelectView.swift */; };
		2399F1AE2A8A7FA200F04FD0 /* SimpleIcon.swift in Sources */ = {isa = PBXBuildFile; fileRef = 2399F1AD2A8A7FA200F04FD0 /* SimpleIcon.swift */; };
		2399F1B02A8A834800F04FD0 /* Color - hex.swift in Sources */ = {isa = PBXBuildFile; fileRef = 2399F1AF2A8A834800F04FD0 /* Color - hex.swift */; };
/* End PBXBuildFile section */

/* Begin PBXFileReference section */
		233EB5B52A8AA7C9006AD9A8 /* icons */ = {isa = PBXFileReference; lastKnownFileType = folder; path = icons; sourceTree = "<group>"; };
		233EB5BA2A8B9FAB006AD9A8 /* SVGView - fill.swift */ = {isa = PBXFileReference; lastKnownFileType = sourcecode.swift; path = "SVGView - fill.swift"; sourceTree = "<group>"; };
		234C9ED12A92309600BEA671 /* Icon.swift */ = {isa = PBXFileReference; lastKnownFileType = sourcecode.swift; path = Icon.swift; sourceTree = "<group>"; };
		234C9ED32A92341400BEA671 /* Color - Codable.swift */ = {isa = PBXFileReference; lastKnownFileType = sourcecode.swift; path = "Color - Codable.swift"; sourceTree = "<group>"; };
		234C9ED52A92368100BEA671 /* IconView.swift */ = {isa = PBXFileReference; lastKnownFileType = sourcecode.swift; path = IconView.swift; sourceTree = "<group>"; };
		238DECCB2A93D57200C16B09 /* simple-icons.json */ = {isa = PBXFileReference; fileEncoding = 4; lastKnownFileType = text.json; path = "simple-icons.json"; sourceTree = "<group>"; };
		2399F1572A8A7AF500F04FD0 /* TOTP.app */ = {isa = PBXFileReference; explicitFileType = wrapper.application; includeInIndex = 0; path = TOTP.app; sourceTree = BUILT_PRODUCTS_DIR; };
		2399F15A2A8A7AF500F04FD0 /* TOTPApp.swift */ = {isa = PBXFileReference; lastKnownFileType = sourcecode.swift; path = TOTPApp.swift; sourceTree = "<group>"; };
		2399F15C2A8A7AF500F04FD0 /* ContentView.swift */ = {isa = PBXFileReference; lastKnownFileType = sourcecode.swift; path = ContentView.swift; sourceTree = "<group>"; };
		2399F15E2A8A7AF800F04FD0 /* Assets.xcassets */ = {isa = PBXFileReference; lastKnownFileType = folder.assetcatalog; path = Assets.xcassets; sourceTree = "<group>"; };
		2399F1612A8A7AF800F04FD0 /* Preview Assets.xcassets */ = {isa = PBXFileReference; lastKnownFileType = folder.assetcatalog; path = "Preview Assets.xcassets"; sourceTree = "<group>"; };
		2399F1682A8A7B1600F04FD0 /* EditView.swift */ = {isa = PBXFileReference; fileEncoding = 4; lastKnownFileType = sourcecode.swift; path = EditView.swift; sourceTree = "<group>"; };
		2399F16A2A8A7B2200F04FD0 /* Color-Theme.swift */ = {isa = PBXFileReference; fileEncoding = 4; lastKnownFileType = sourcecode.swift; path = "Color-Theme.swift"; sourceTree = "<group>"; };
		2399F16C2A8A7B2700F04FD0 /* AdvancedSettingsView.swift */ = {isa = PBXFileReference; fileEncoding = 4; lastKnownFileType = sourcecode.swift; path = AdvancedSettingsView.swift; sourceTree = "<group>"; };
		2399F16F2A8A7B3D00F04FD0 /* AddView.swift */ = {isa = PBXFileReference; fileEncoding = 4; lastKnownFileType = sourcecode.swift; path = AddView.swift; sourceTree = "<group>"; };
		2399F1712A8A7B5F00F04FD0 /* AcknowledgementsView.swift */ = {isa = PBXFileReference; fileEncoding = 4; lastKnownFileType = sourcecode.swift; path = AcknowledgementsView.swift; sourceTree = "<group>"; };
		2399F1732A8A7B7700F04FD0 /* OTPDetailView.swift */ = {isa = PBXFileReference; fileEncoding = 4; lastKnownFileType = sourcecode.swift; path = OTPDetailView.swift; sourceTree = "<group>"; };
		2399F1772A8A7BA200F04FD0 /* OTPCodeView.swift */ = {isa = PBXFileReference; fileEncoding = 4; lastKnownFileType = sourcecode.swift; path = OTPCodeView.swift; sourceTree = "<group>"; };
		2399F1792A8A7BAA00F04FD0 /* SettingsView.swift */ = {isa = PBXFileReference; fileEncoding = 4; lastKnownFileType = sourcecode.swift; path = SettingsView.swift; sourceTree = "<group>"; };
		2399F17C2A8A7BC100F04FD0 /* OneTimePassword.swift */ = {isa = PBXFileReference; fileEncoding = 4; lastKnownFileType = sourcecode.swift; path = OneTimePassword.swift; sourceTree = "<group>"; };
		2399F17E2A8A7BC600F04FD0 /* OneTimePassword+Hashable.swift */ = {isa = PBXFileReference; fileEncoding = 4; lastKnownFileType = sourcecode.swift; path = "OneTimePassword+Hashable.swift"; sourceTree = "<group>"; };
		2399F1802A8A7BCA00F04FD0 /* OTPManager.swift */ = {isa = PBXFileReference; fileEncoding = 4; lastKnownFileType = sourcecode.swift; path = OTPManager.swift; sourceTree = "<group>"; };
		2399F1832A8A7C0000F04FD0 /* CustomDialog.swift */ = {isa = PBXFileReference; fileEncoding = 4; lastKnownFileType = sourcecode.swift; path = CustomDialog.swift; sourceTree = "<group>"; };
		2399F1852A8A7C0400F04FD0 /* FileManager - documentsDirectory.swift */ = {isa = PBXFileReference; fileEncoding = 4; lastKnownFileType = sourcecode.swift; path = "FileManager - documentsDirectory.swift"; sourceTree = "<group>"; };
		2399F1872A8A7C0B00F04FD0 /* InfoAlert .swift */ = {isa = PBXFileReference; fileEncoding = 4; lastKnownFileType = sourcecode.swift; path = "InfoAlert .swift"; sourceTree = "<group>"; };
		2399F1892A8A7C1000F04FD0 /* loadDocument.swift */ = {isa = PBXFileReference; fileEncoding = 4; lastKnownFileType = sourcecode.swift; path = loadDocument.swift; sourceTree = "<group>"; };
		2399F18B2A8A7C1500F04FD0 /* ThinGauge.swift */ = {isa = PBXFileReference; fileEncoding = 4; lastKnownFileType = sourcecode.swift; path = ThinGauge.swift; sourceTree = "<group>"; };
		2399F18F2A8A7C6300F04FD0 /* Data+Utilities.swift */ = {isa = PBXFileReference; fileEncoding = 4; lastKnownFileType = sourcecode.swift; path = "Data+Utilities.swift"; sourceTree = "<group>"; };
		2399F1912A8A7C6700F04FD0 /* Generator.swift */ = {isa = PBXFileReference; fileEncoding = 4; lastKnownFileType = sourcecode.swift; path = Generator.swift; sourceTree = "<group>"; };
		2399F1932A8A7C6A00F04FD0 /* HOTP.swift */ = {isa = PBXFileReference; fileEncoding = 4; lastKnownFileType = sourcecode.swift; path = HOTP.swift; sourceTree = "<group>"; };
		2399F1952A8A7C6E00F04FD0 /* OTPAlgorithm.swift */ = {isa = PBXFileReference; fileEncoding = 4; lastKnownFileType = sourcecode.swift; path = OTPAlgorithm.swift; sourceTree = "<group>"; };
		2399F1972A8A7C7200F04FD0 /* TOTP.swift */ = {isa = PBXFileReference; fileEncoding = 4; lastKnownFileType = sourcecode.swift; path = TOTP.swift; sourceTree = "<group>"; };
		2399F1992A8A7C7700F04FD0 /* UInt64+Data.swift */ = {isa = PBXFileReference; fileEncoding = 4; lastKnownFileType = sourcecode.swift; path = "UInt64+Data.swift"; sourceTree = "<group>"; };
		2399F19C2A8A7C8900F04FD0 /* Base32.swift */ = {isa = PBXFileReference; fileEncoding = 4; lastKnownFileType = sourcecode.swift; path = Base32.swift; sourceTree = "<group>"; };
		2399F19E2A8A7C8C00F04FD0 /* StringExtension.swift */ = {isa = PBXFileReference; fileEncoding = 4; lastKnownFileType = sourcecode.swift; path = StringExtension.swift; sourceTree = "<group>"; };
		2399F1AB2A8A7E6C00F04FD0 /* IconSelectView.swift */ = {isa = PBXFileReference; lastKnownFileType = sourcecode.swift; path = IconSelectView.swift; sourceTree = "<group>"; };
		2399F1AD2A8A7FA200F04FD0 /* SimpleIcon.swift */ = {isa = PBXFileReference; lastKnownFileType = sourcecode.swift; path = SimpleIcon.swift; sourceTree = "<group>"; };
		2399F1AF2A8A834800F04FD0 /* Color - hex.swift */ = {isa = PBXFileReference; lastKnownFileType = sourcecode.swift; path = "Color - hex.swift"; sourceTree = "<group>"; };
/* End PBXFileReference section */

/* Begin PBXFrameworksBuildPhase section */
		2399F1542A8A7AF500F04FD0 /* Frameworks */ = {
			isa = PBXFrameworksBuildPhase;
			buildActionMask = 2147483647;
			files = (
				233EB5B92A8AC1B4006AD9A8 /* SVGView in Frameworks */,
				2399F1A22A8A7CAA00F04FD0 /* CodeScanner in Frameworks */,
				2399F1A52A8A7CD800F04FD0 /* FaviconFinder in Frameworks */,
			);
			runOnlyForDeploymentPostprocessing = 0;
		};
/* End PBXFrameworksBuildPhase section */

/* Begin PBXGroup section */
		233EB5B42A8AA7B7006AD9A8 /* simple-icons */ = {
			isa = PBXGroup;
			children = (
				238DECCB2A93D57200C16B09 /* simple-icons.json */,
				233EB5B52A8AA7C9006AD9A8 /* icons */,
			);
			path = "simple-icons";
			sourceTree = "<group>";
		};
		2399F14E2A8A7AF500F04FD0 = {
			isa = PBXGroup;
			children = (
				2399F1592A8A7AF500F04FD0 /* TOTP */,
				2399F1582A8A7AF500F04FD0 /* Products */,
			);
			sourceTree = "<group>";
		};
		2399F1582A8A7AF500F04FD0 /* Products */ = {
			isa = PBXGroup;
			children = (
				2399F1572A8A7AF500F04FD0 /* TOTP.app */,
			);
			name = Products;
			sourceTree = "<group>";
		};
		2399F1592A8A7AF500F04FD0 /* TOTP */ = {
			isa = PBXGroup;
			children = (
				2399F15A2A8A7AF500F04FD0 /* TOTPApp.swift */,
				2399F18E2A8A7C4A00F04FD0 /* SwiftOTP */,
				2399F16E2A8A7B2E00F04FD0 /* Views */,
				2399F1822A8A7BDA00F04FD0 /* Extensions */,
				2399F17B2A8A7BB700F04FD0 /* Models */,
				2399F15E2A8A7AF800F04FD0 /* Assets.xcassets */,
				233EB5B42A8AA7B7006AD9A8 /* simple-icons */,
				2399F1602A8A7AF800F04FD0 /* Preview Content */,
			);
			path = TOTP;
			sourceTree = "<group>";
		};
		2399F1602A8A7AF800F04FD0 /* Preview Content */ = {
			isa = PBXGroup;
			children = (
				2399F1612A8A7AF800F04FD0 /* Preview Assets.xcassets */,
			);
			path = "Preview Content";
			sourceTree = "<group>";
		};
		2399F16E2A8A7B2E00F04FD0 /* Views */ = {
			isa = PBXGroup;
			children = (
				2399F15C2A8A7AF500F04FD0 /* ContentView.swift */,
				2399F1772A8A7BA200F04FD0 /* OTPCodeView.swift */,
				2399F1732A8A7B7700F04FD0 /* OTPDetailView.swift */,
				2399F1682A8A7B1600F04FD0 /* EditView.swift */,
				2399F1AB2A8A7E6C00F04FD0 /* IconSelectView.swift */,
				234C9ED52A92368100BEA671 /* IconView.swift */,
				2399F16F2A8A7B3D00F04FD0 /* AddView.swift */,
				2399F1792A8A7BAA00F04FD0 /* SettingsView.swift */,
				2399F16C2A8A7B2700F04FD0 /* AdvancedSettingsView.swift */,
				2399F1712A8A7B5F00F04FD0 /* AcknowledgementsView.swift */,
			);
			path = Views;
			sourceTree = "<group>";
		};
		2399F17B2A8A7BB700F04FD0 /* Models */ = {
			isa = PBXGroup;
			children = (
				2399F17C2A8A7BC100F04FD0 /* OneTimePassword.swift */,
				2399F17E2A8A7BC600F04FD0 /* OneTimePassword+Hashable.swift */,
				2399F1802A8A7BCA00F04FD0 /* OTPManager.swift */,
				2399F16A2A8A7B2200F04FD0 /* Color-Theme.swift */,
				2399F1AD2A8A7FA200F04FD0 /* SimpleIcon.swift */,
				234C9ED12A92309600BEA671 /* Icon.swift */,
			);
			path = Models;
			sourceTree = "<group>";
		};
		2399F1822A8A7BDA00F04FD0 /* Extensions */ = {
			isa = PBXGroup;
			children = (
				2399F1832A8A7C0000F04FD0 /* CustomDialog.swift */,
				2399F1852A8A7C0400F04FD0 /* FileManager - documentsDirectory.swift */,
				2399F1872A8A7C0B00F04FD0 /* InfoAlert .swift */,
				2399F1892A8A7C1000F04FD0 /* loadDocument.swift */,
				2399F18B2A8A7C1500F04FD0 /* ThinGauge.swift */,
				234C9ED32A92341400BEA671 /* Color - Codable.swift */,
				2399F1AF2A8A834800F04FD0 /* Color - hex.swift */,
				233EB5BA2A8B9FAB006AD9A8 /* SVGView - fill.swift */,
			);
			path = Extensions;
			sourceTree = "<group>";
		};
		2399F18E2A8A7C4A00F04FD0 /* SwiftOTP */ = {
			isa = PBXGroup;
			children = (
				2399F19B2A8A7C7E00F04FD0 /* Base32 */,
				2399F18F2A8A7C6300F04FD0 /* Data+Utilities.swift */,
				2399F1912A8A7C6700F04FD0 /* Generator.swift */,
				2399F1932A8A7C6A00F04FD0 /* HOTP.swift */,
				2399F1952A8A7C6E00F04FD0 /* OTPAlgorithm.swift */,
				2399F1972A8A7C7200F04FD0 /* TOTP.swift */,
				2399F1992A8A7C7700F04FD0 /* UInt64+Data.swift */,
			);
			path = SwiftOTP;
			sourceTree = "<group>";
		};
		2399F19B2A8A7C7E00F04FD0 /* Base32 */ = {
			isa = PBXGroup;
			children = (
				2399F19C2A8A7C8900F04FD0 /* Base32.swift */,
				2399F19E2A8A7C8C00F04FD0 /* StringExtension.swift */,
			);
			path = Base32;
			sourceTree = "<group>";
		};
/* End PBXGroup section */

/* Begin PBXNativeTarget section */
		2399F1562A8A7AF500F04FD0 /* TOTP */ = {
			isa = PBXNativeTarget;
			buildConfigurationList = 2399F1652A8A7AF800F04FD0 /* Build configuration list for PBXNativeTarget "TOTP" */;
			buildPhases = (
				2399F1532A8A7AF500F04FD0 /* Sources */,
				2399F1542A8A7AF500F04FD0 /* Frameworks */,
				2399F1552A8A7AF500F04FD0 /* Resources */,
			);
			buildRules = (
			);
			dependencies = (
			);
			name = TOTP;
			packageProductDependencies = (
				2399F1A12A8A7CAA00F04FD0 /* CodeScanner */,
				2399F1A42A8A7CD800F04FD0 /* FaviconFinder */,
				233EB5B82A8AC1B4006AD9A8 /* SVGView */,
			);
			productName = TOTP;
			productReference = 2399F1572A8A7AF500F04FD0 /* TOTP.app */;
			productType = "com.apple.product-type.application";
		};
/* End PBXNativeTarget section */

/* Begin PBXProject section */
		2399F14F2A8A7AF500F04FD0 /* Project object */ = {
			isa = PBXProject;
			attributes = {
				BuildIndependentTargetsInParallel = 1;
				LastSwiftUpdateCheck = 1420;
				LastUpgradeCheck = 1420;
				TargetAttributes = {
					2399F1562A8A7AF500F04FD0 = {
						CreatedOnToolsVersion = 14.2;
					};
				};
			};
			buildConfigurationList = 2399F1522A8A7AF500F04FD0 /* Build configuration list for PBXProject "TOTP" */;
			compatibilityVersion = "Xcode 14.0";
			developmentRegion = en;
			hasScannedForEncodings = 0;
			knownRegions = (
				en,
				Base,
			);
			mainGroup = 2399F14E2A8A7AF500F04FD0;
			packageReferences = (
				2399F1A02A8A7CAA00F04FD0 /* XCRemoteSwiftPackageReference "CodeScanner" */,
				2399F1A32A8A7CD800F04FD0 /* XCRemoteSwiftPackageReference "FaviconFinder" */,
				233EB5B72A8AC1B4006AD9A8 /* XCRemoteSwiftPackageReference "SVGView" */,
			);
			productRefGroup = 2399F1582A8A7AF500F04FD0 /* Products */;
			projectDirPath = "";
			projectRoot = "";
			targets = (
				2399F1562A8A7AF500F04FD0 /* TOTP */,
			);
		};
/* End PBXProject section */

/* Begin PBXResourcesBuildPhase section */
		2399F1552A8A7AF500F04FD0 /* Resources */ = {
			isa = PBXResourcesBuildPhase;
			buildActionMask = 2147483647;
			files = (
				238DECCC2A93D57200C16B09 /* simple-icons.json in Resources */,
				233EB5B62A8AA7C9006AD9A8 /* icons in Resources */,
				2399F1622A8A7AF800F04FD0 /* Preview Assets.xcassets in Resources */,
				2399F15F2A8A7AF800F04FD0 /* Assets.xcassets in Resources */,
			);
			runOnlyForDeploymentPostprocessing = 0;
		};
/* End PBXResourcesBuildPhase section */

/* Begin PBXSourcesBuildPhase section */
		2399F1532A8A7AF500F04FD0 /* Sources */ = {
			isa = PBXSourcesBuildPhase;
			buildActionMask = 2147483647;
			files = (
				2399F1812A8A7BCA00F04FD0 /* OTPManager.swift in Sources */,
				2399F17F2A8A7BC600F04FD0 /* OneTimePassword+Hashable.swift in Sources */,
				2399F1AE2A8A7FA200F04FD0 /* SimpleIcon.swift in Sources */,
				2399F1842A8A7C0000F04FD0 /* CustomDialog.swift in Sources */,
				2399F15D2A8A7AF500F04FD0 /* ContentView.swift in Sources */,
				2399F15B2A8A7AF500F04FD0 /* TOTPApp.swift in Sources */,
				234C9ED42A92341400BEA671 /* Color - Codable.swift in Sources */,
				2399F1702A8A7B3D00F04FD0 /* AddView.swift in Sources */,
				2399F18A2A8A7C1000F04FD0 /* loadDocument.swift in Sources */,
				234C9ED22A92309600BEA671 /* Icon.swift in Sources */,
				2399F1692A8A7B1600F04FD0 /* EditView.swift in Sources */,
				2399F16D2A8A7B2700F04FD0 /* AdvancedSettingsView.swift in Sources */,
				2399F1922A8A7C6700F04FD0 /* Generator.swift in Sources */,
				2399F1982A8A7C7200F04FD0 /* TOTP.swift in Sources */,
				2399F17A2A8A7BAB00F04FD0 /* SettingsView.swift in Sources */,
				2399F17D2A8A7BC100F04FD0 /* OneTimePassword.swift in Sources */,
				234C9ED62A92368100BEA671 /* IconView.swift in Sources */,
				2399F1782A8A7BA200F04FD0 /* OTPCodeView.swift in Sources */,
				2399F1962A8A7C6E00F04FD0 /* OTPAlgorithm.swift in Sources */,
				2399F1722A8A7B5F00F04FD0 /* AcknowledgementsView.swift in Sources */,
				2399F1B02A8A834800F04FD0 /* Color - hex.swift in Sources */,
				2399F16B2A8A7B2200F04FD0 /* Color-Theme.swift in Sources */,
				2399F1752A8A7B7700F04FD0 /* OTPDetailView.swift in Sources */,
				2399F1942A8A7C6A00F04FD0 /* HOTP.swift in Sources */,
				2399F19A2A8A7C7700F04FD0 /* UInt64+Data.swift in Sources */,
				2399F1862A8A7C0400F04FD0 /* FileManager - documentsDirectory.swift in Sources */,
				2399F1902A8A7C6300F04FD0 /* Data+Utilities.swift in Sources */,
				2399F18C2A8A7C1500F04FD0 /* ThinGauge.swift in Sources */,
				2399F19D2A8A7C8900F04FD0 /* Base32.swift in Sources */,
				2399F1AC2A8A7E6C00F04FD0 /* IconSelectView.swift in Sources */,
				2399F19F2A8A7C8C00F04FD0 /* StringExtension.swift in Sources */,
				233EB5BB2A8B9FAB006AD9A8 /* SVGView - fill.swift in Sources */,
				2399F1882A8A7C0B00F04FD0 /* InfoAlert .swift in Sources */,
			);
			runOnlyForDeploymentPostprocessing = 0;
		};
/* End PBXSourcesBuildPhase section */

/* Begin XCBuildConfiguration section */
		2399F1632A8A7AF800F04FD0 /* Debug */ = {
			isa = XCBuildConfiguration;
			buildSettings = {
				ALWAYS_SEARCH_USER_PATHS = NO;
				CLANG_ANALYZER_NONNULL = YES;
				CLANG_ANALYZER_NUMBER_OBJECT_CONVERSION = YES_AGGRESSIVE;
				CLANG_CXX_LANGUAGE_STANDARD = "gnu++20";
				CLANG_ENABLE_MODULES = YES;
				CLANG_ENABLE_OBJC_ARC = YES;
				CLANG_ENABLE_OBJC_WEAK = YES;
				CLANG_WARN_BLOCK_CAPTURE_AUTORELEASING = YES;
				CLANG_WARN_BOOL_CONVERSION = YES;
				CLANG_WARN_COMMA = YES;
				CLANG_WARN_CONSTANT_CONVERSION = YES;
				CLANG_WARN_DEPRECATED_OBJC_IMPLEMENTATIONS = YES;
				CLANG_WARN_DIRECT_OBJC_ISA_USAGE = YES_ERROR;
				CLANG_WARN_DOCUMENTATION_COMMENTS = YES;
				CLANG_WARN_EMPTY_BODY = YES;
				CLANG_WARN_ENUM_CONVERSION = YES;
				CLANG_WARN_INFINITE_RECURSION = YES;
				CLANG_WARN_INT_CONVERSION = YES;
				CLANG_WARN_NON_LITERAL_NULL_CONVERSION = YES;
				CLANG_WARN_OBJC_IMPLICIT_RETAIN_SELF = YES;
				CLANG_WARN_OBJC_LITERAL_CONVERSION = YES;
				CLANG_WARN_OBJC_ROOT_CLASS = YES_ERROR;
				CLANG_WARN_QUOTED_INCLUDE_IN_FRAMEWORK_HEADER = YES;
				CLANG_WARN_RANGE_LOOP_ANALYSIS = YES;
				CLANG_WARN_STRICT_PROTOTYPES = YES;
				CLANG_WARN_SUSPICIOUS_MOVE = YES;
				CLANG_WARN_UNGUARDED_AVAILABILITY = YES_AGGRESSIVE;
				CLANG_WARN_UNREACHABLE_CODE = YES;
				CLANG_WARN__DUPLICATE_METHOD_MATCH = YES;
				COPY_PHASE_STRIP = NO;
				DEBUG_INFORMATION_FORMAT = dwarf;
				ENABLE_STRICT_OBJC_MSGSEND = YES;
				ENABLE_TESTABILITY = YES;
				GCC_C_LANGUAGE_STANDARD = gnu11;
				GCC_DYNAMIC_NO_PIC = NO;
				GCC_NO_COMMON_BLOCKS = YES;
				GCC_OPTIMIZATION_LEVEL = 0;
				GCC_PREPROCESSOR_DEFINITIONS = (
					"DEBUG=1",
					"$(inherited)",
				);
				GCC_WARN_64_TO_32_BIT_CONVERSION = YES;
				GCC_WARN_ABOUT_RETURN_TYPE = YES_ERROR;
				GCC_WARN_UNDECLARED_SELECTOR = YES;
				GCC_WARN_UNINITIALIZED_AUTOS = YES_AGGRESSIVE;
				GCC_WARN_UNUSED_FUNCTION = YES;
				GCC_WARN_UNUSED_VARIABLE = YES;
				IPHONEOS_DEPLOYMENT_TARGET = 16.2;
				MTL_ENABLE_DEBUG_INFO = INCLUDE_SOURCE;
				MTL_FAST_MATH = YES;
				ONLY_ACTIVE_ARCH = YES;
				SDKROOT = iphoneos;
				SWIFT_ACTIVE_COMPILATION_CONDITIONS = DEBUG;
				SWIFT_OPTIMIZATION_LEVEL = "-Onone";
			};
			name = Debug;
		};
		2399F1642A8A7AF800F04FD0 /* Release */ = {
			isa = XCBuildConfiguration;
			buildSettings = {
				ALWAYS_SEARCH_USER_PATHS = NO;
				CLANG_ANALYZER_NONNULL = YES;
				CLANG_ANALYZER_NUMBER_OBJECT_CONVERSION = YES_AGGRESSIVE;
				CLANG_CXX_LANGUAGE_STANDARD = "gnu++20";
				CLANG_ENABLE_MODULES = YES;
				CLANG_ENABLE_OBJC_ARC = YES;
				CLANG_ENABLE_OBJC_WEAK = YES;
				CLANG_WARN_BLOCK_CAPTURE_AUTORELEASING = YES;
				CLANG_WARN_BOOL_CONVERSION = YES;
				CLANG_WARN_COMMA = YES;
				CLANG_WARN_CONSTANT_CONVERSION = YES;
				CLANG_WARN_DEPRECATED_OBJC_IMPLEMENTATIONS = YES;
				CLANG_WARN_DIRECT_OBJC_ISA_USAGE = YES_ERROR;
				CLANG_WARN_DOCUMENTATION_COMMENTS = YES;
				CLANG_WARN_EMPTY_BODY = YES;
				CLANG_WARN_ENUM_CONVERSION = YES;
				CLANG_WARN_INFINITE_RECURSION = YES;
				CLANG_WARN_INT_CONVERSION = YES;
				CLANG_WARN_NON_LITERAL_NULL_CONVERSION = YES;
				CLANG_WARN_OBJC_IMPLICIT_RETAIN_SELF = YES;
				CLANG_WARN_OBJC_LITERAL_CONVERSION = YES;
				CLANG_WARN_OBJC_ROOT_CLASS = YES_ERROR;
				CLANG_WARN_QUOTED_INCLUDE_IN_FRAMEWORK_HEADER = YES;
				CLANG_WARN_RANGE_LOOP_ANALYSIS = YES;
				CLANG_WARN_STRICT_PROTOTYPES = YES;
				CLANG_WARN_SUSPICIOUS_MOVE = YES;
				CLANG_WARN_UNGUARDED_AVAILABILITY = YES_AGGRESSIVE;
				CLANG_WARN_UNREACHABLE_CODE = YES;
				CLANG_WARN__DUPLICATE_METHOD_MATCH = YES;
				COPY_PHASE_STRIP = NO;
				DEBUG_INFORMATION_FORMAT = "dwarf-with-dsym";
				ENABLE_NS_ASSERTIONS = NO;
				ENABLE_STRICT_OBJC_MSGSEND = YES;
				GCC_C_LANGUAGE_STANDARD = gnu11;
				GCC_NO_COMMON_BLOCKS = YES;
				GCC_WARN_64_TO_32_BIT_CONVERSION = YES;
				GCC_WARN_ABOUT_RETURN_TYPE = YES_ERROR;
				GCC_WARN_UNDECLARED_SELECTOR = YES;
				GCC_WARN_UNINITIALIZED_AUTOS = YES_AGGRESSIVE;
				GCC_WARN_UNUSED_FUNCTION = YES;
				GCC_WARN_UNUSED_VARIABLE = YES;
				IPHONEOS_DEPLOYMENT_TARGET = 16.2;
				MTL_ENABLE_DEBUG_INFO = NO;
				MTL_FAST_MATH = YES;
				SDKROOT = iphoneos;
				SWIFT_COMPILATION_MODE = wholemodule;
				SWIFT_OPTIMIZATION_LEVEL = "-O";
				VALIDATE_PRODUCT = YES;
			};
			name = Release;
		};
		2399F1662A8A7AF800F04FD0 /* Debug */ = {
			isa = XCBuildConfiguration;
			buildSettings = {
				ASSETCATALOG_COMPILER_APPICON_NAME = AppIcon;
				ASSETCATALOG_COMPILER_GLOBAL_ACCENT_COLOR_NAME = AccentColor;
				CODE_SIGN_STYLE = Automatic;
				CURRENT_PROJECT_VERSION = 1;
				DEVELOPMENT_ASSET_PATHS = "\"TOTP/Preview Content\"";
				DEVELOPMENT_TEAM = 5QY5M97RPB;
				ENABLE_PREVIEWS = YES;
				GENERATE_INFOPLIST_FILE = YES;
				INFOPLIST_KEY_UIApplicationSceneManifest_Generation = YES;
				INFOPLIST_KEY_UIApplicationSupportsIndirectInputEvents = YES;
				INFOPLIST_KEY_UILaunchScreen_Generation = YES;
				INFOPLIST_KEY_UISupportedInterfaceOrientations_iPad = "UIInterfaceOrientationPortrait UIInterfaceOrientationPortraitUpsideDown UIInterfaceOrientationLandscapeLeft UIInterfaceOrientationLandscapeRight";
				INFOPLIST_KEY_UISupportedInterfaceOrientations_iPhone = "UIInterfaceOrientationPortrait UIInterfaceOrientationLandscapeLeft UIInterfaceOrientationLandscapeRight";
				LD_RUNPATH_SEARCH_PATHS = (
					"$(inherited)",
					"@executable_path/Frameworks",
				);
				MARKETING_VERSION = 1.0;
				PRODUCT_BUNDLE_IDENTIFIER = "pl.dexus.test-lucek.TOTP";
				PRODUCT_NAME = "$(TARGET_NAME)";
				SWIFT_EMIT_LOC_STRINGS = YES;
				SWIFT_VERSION = 5.0;
				TARGETED_DEVICE_FAMILY = "1,2";
			};
			name = Debug;
		};
		2399F1672A8A7AF800F04FD0 /* Release */ = {
			isa = XCBuildConfiguration;
			buildSettings = {
				ASSETCATALOG_COMPILER_APPICON_NAME = AppIcon;
				ASSETCATALOG_COMPILER_GLOBAL_ACCENT_COLOR_NAME = AccentColor;
				CODE_SIGN_STYLE = Automatic;
				CURRENT_PROJECT_VERSION = 1;
				DEVELOPMENT_ASSET_PATHS = "\"TOTP/Preview Content\"";
				DEVELOPMENT_TEAM = 5QY5M97RPB;
				ENABLE_PREVIEWS = YES;
				GENERATE_INFOPLIST_FILE = YES;
				INFOPLIST_KEY_UIApplicationSceneManifest_Generation = YES;
				INFOPLIST_KEY_UIApplicationSupportsIndirectInputEvents = YES;
				INFOPLIST_KEY_UILaunchScreen_Generation = YES;
				INFOPLIST_KEY_UISupportedInterfaceOrientations_iPad = "UIInterfaceOrientationPortrait UIInterfaceOrientationPortraitUpsideDown UIInterfaceOrientationLandscapeLeft UIInterfaceOrientationLandscapeRight";
				INFOPLIST_KEY_UISupportedInterfaceOrientations_iPhone = "UIInterfaceOrientationPortrait UIInterfaceOrientationLandscapeLeft UIInterfaceOrientationLandscapeRight";
				LD_RUNPATH_SEARCH_PATHS = (
					"$(inherited)",
					"@executable_path/Frameworks",
				);
				MARKETING_VERSION = 1.0;
				PRODUCT_BUNDLE_IDENTIFIER = "pl.dexus.test-lucek.TOTP";
				PRODUCT_NAME = "$(TARGET_NAME)";
				SWIFT_EMIT_LOC_STRINGS = YES;
				SWIFT_VERSION = 5.0;
				TARGETED_DEVICE_FAMILY = "1,2";
			};
			name = Release;
		};
/* End XCBuildConfiguration section */

/* Begin XCConfigurationList section */
		2399F1522A8A7AF500F04FD0 /* Build configuration list for PBXProject "TOTP" */ = {
			isa = XCConfigurationList;
			buildConfigurations = (
				2399F1632A8A7AF800F04FD0 /* Debug */,
				2399F1642A8A7AF800F04FD0 /* Release */,
			);
			defaultConfigurationIsVisible = 0;
			defaultConfigurationName = Release;
		};
		2399F1652A8A7AF800F04FD0 /* Build configuration list for PBXNativeTarget "TOTP" */ = {
			isa = XCConfigurationList;
			buildConfigurations = (
				2399F1662A8A7AF800F04FD0 /* Debug */,
				2399F1672A8A7AF800F04FD0 /* Release */,
			);
			defaultConfigurationIsVisible = 0;
			defaultConfigurationName = Release;
		};
/* End XCConfigurationList section */

/* Begin XCRemoteSwiftPackageReference section */
		233EB5B72A8AC1B4006AD9A8 /* XCRemoteSwiftPackageReference "SVGView" */ = {
			isa = XCRemoteSwiftPackageReference;
			repositoryURL = "https://github.com/exyte/SVGView.git";
			requirement = {
				kind = upToNextMajorVersion;
				minimumVersion = 1.0.0;
			};
		};
		2399F1A02A8A7CAA00F04FD0 /* XCRemoteSwiftPackageReference "CodeScanner" */ = {
			isa = XCRemoteSwiftPackageReference;
			repositoryURL = "https://github.com/twostraws/CodeScanner";
			requirement = {
				branch = main;
				kind = branch;
			};
		};
		2399F1A32A8A7CD800F04FD0 /* XCRemoteSwiftPackageReference "FaviconFinder" */ = {
			isa = XCRemoteSwiftPackageReference;
			repositoryURL = "https://github.com/will-lumley/FaviconFinder";
			requirement = {
				branch = main;
				kind = branch;
			};
		};
/* End XCRemoteSwiftPackageReference section */

/* Begin XCSwiftPackageProductDependency section */
		233EB5B82A8AC1B4006AD9A8 /* SVGView */ = {
			isa = XCSwiftPackageProductDependency;
			package = 233EB5B72A8AC1B4006AD9A8 /* XCRemoteSwiftPackageReference "SVGView" */;
			productName = SVGView;
		};
		2399F1A12A8A7CAA00F04FD0 /* CodeScanner */ = {
			isa = XCSwiftPackageProductDependency;
			package = 2399F1A02A8A7CAA00F04FD0 /* XCRemoteSwiftPackageReference "CodeScanner" */;
			productName = CodeScanner;
		};
		2399F1A42A8A7CD800F04FD0 /* FaviconFinder */ = {
			isa = XCSwiftPackageProductDependency;
			package = 2399F1A32A8A7CD800F04FD0 /* XCRemoteSwiftPackageReference "FaviconFinder" */;
			productName = FaviconFinder;
		};
/* End XCSwiftPackageProductDependency section */
	};
	rootObject = 2399F14F2A8A7AF500F04FD0 /* Project object */;
}
